
Microsoft Visual Studio Solution File, Format Version 12.00
# Visual Studio 2012
Project("{FAE04EC0-301F-11D3-BF4B-00C04F79EFBC}") = "echo", "echo\echo.csproj", "{819B1B49-2394-48DB-8BD3-AA93EF0CB219}"
EndProject
Global
	GlobalSection(SolutionConfigurationPlatforms) = preSolution
		Debug|x86 = Debug|x86
		Release|x86 = Release|x86
	EndGlobalSection
	GlobalSection(ProjectConfigurationPlatforms) = postSolution
		{819B1B49-2394-48DB-8BD3-AA93EF0CB219}.Debug|x86.ActiveCfg = Debug|x86
		{819B1B49-2394-48DB-8BD3-AA93EF0CB219}.Debug|x86.Build.0 = Debug|x86
		{819B1B49-2394-48DB-8BD3-AA93EF0CB219}.Release|x86.ActiveCfg = Release|x86
		{819B1B49-2394-48DB-8BD3-AA93EF0CB219}.Release|x86.Build.0 = Release|x86
	EndGlobalSection
EndGlobal
